<?xml version="1.0" encoding="utf-8"?>
<Project ToolsVersion="4.0" xmlns="http://schemas.microsoft.com/developer/msbuild/2003">
  <ItemGroup>
    <ClInclude Include="..\..\..\Code\Cblas\include\cblas.h" />
  </ItemGroup>
  <ItemGroup>
    <ClCompile Include="..\..\..\Code\Cblas\src\cblas_ztrmm.c" />
    <ClCompile Include="..\..\..\Code\Cblas\src\cblas_ztrmv.c" />
    <ClCompile Include="..\..\..\Code\Cblas\src\cblas_ztrsm.c" />
    <ClCompile Include="..\..\..\Code\Cblas\src\cblas_ztrsv.c" />
    <ClCompile Include="..\..\..\Code\Cblas\src\cblas_caxpy.c" />
    <ClCompile Include="..\..\..\Code\Cblas\src\cblas_ccopy.c" />
    <ClCompile Include="..\..\..\Code\Cblas\src\cblas_cdotc_sub.c" />
    <ClCompile Include="..\..\..\Code\Cblas\src\cblas_cdotu_sub.c" />
    <ClCompile Include="..\..\..\Code\Cblas\src\cblas_cgbmv.c" />
    <ClCompile Include="..\..\..\Code\Cblas\src\cblas_cgemm.c" />
    <ClCompile Include="..\..\..\Code\Cblas\src\cblas_cgemv.c" />
    <ClCompile Include="..\..\..\Code\Cblas\src\cblas_cgerc.c" />
    <ClCompile Include="..\..\..\Code\Cblas\src\cblas_cgeru.c" />
    <ClCompile Include="..\..\..\Code\Cblas\src\cblas_chbmv.c" />
    <ClCompile Include="..\..\..\Code\Cblas\src\cblas_chemm.c" />
    <ClCompile Include="..\..\..\Code\Cblas\src\cblas_chemv.c" />
    <ClCompile Include="..\..\..\Code\Cblas\src\cblas_cher.c" />
    <ClCompile Include="..\..\..\Code\Cblas\src\cblas_cher2.c" />
    <ClCompile Include="..\..\..\Code\Cblas\src\cblas_cher2k.c" />
    <ClCompile Include="..\..\..\Code\Cblas\src\cblas_cherk.c" />
    <ClCompile Include="..\..\..\Code\Cblas\src\cblas_chpmv.c" />
    <ClCompile Include="..\..\..\Code\Cblas\src\cblas_chpr.c" />
    <ClCompile Include="..\..\..\Code\Cblas\src\cblas_chpr2.c" />
    <ClCompile Include="..\..\..\Code\Cblas\src\cblas_cscal.c" />
    <ClCompile Include="..\..\..\Code\Cblas\src\cblas_csscal.c" />
    <ClCompile Include="..\..\..\Code\Cblas\src\cblas_cswap.c" />
    <ClCompile Include="..\..\..\Code\Cblas\src\cblas_csymm.c" />
    <ClCompile Include="..\..\..\Code\Cblas\src\cblas_csyr2k.c" />
    <ClCompile Include="..\..\..\Code\Cblas\src\cblas_csyrk.c" />
    <ClCompile Include="..\..\..\Code\Cblas\src\cblas_ctbmv.c" />
    <ClCompile Include="..\..\..\Code\Cblas\src\cblas_ctbsv.c" />
    <ClCompile Include="..\..\..\Code\Cblas\src\cblas_ctpmv.c" />
    <ClCompile Include="..\..\..\Code\Cblas\src\cblas_ctpsv.c" />
    <ClCompile Include="..\..\..\Code\Cblas\src\cblas_ctrmm.c" />
    <ClCompile Include="..\..\..\Code\Cblas\src\cblas_ctrmv.c" />
    <ClCompile Include="..\..\..\Code\Cblas\src\cblas_ctrsm.c" />
    <ClCompile Include="..\..\..\Code\Cblas\src\cblas_ctrsv.c" />
    <ClCompile Include="..\..\..\Code\Cblas\src\cblas_dasum.c" />
    <ClCompile Include="..\..\..\Code\Cblas\src\cblas_daxpy.c" />
    <ClCompile Include="..\..\..\Code\Cblas\src\cblas_dcopy.c" />
    <ClCompile Include="..\..\..\Code\Cblas\src\cblas_ddot.c" />
    <ClCompile Include="..\..\..\Code\Cblas\src\cblas_dgbmv.c" />
    <ClCompile Include="..\..\..\Code\Cblas\src\cblas_dgemm.c" />
    <ClCompile Include="..\..\..\Code\Cblas\src\cblas_dgemv.c" />
    <ClCompile Include="..\..\..\Code\Cblas\src\cblas_dger.c" />
    <ClCompile Include="..\..\..\Code\Cblas\src\cblas_dnrm2.c" />
    <ClCompile Include="..\..\..\Code\Cblas\src\cblas_drot.c" />
    <ClCompile Include="..\..\..\Code\Cblas\src\cblas_drotg.c" />
    <ClCompile Include="..\..\..\Code\Cblas\src\cblas_drotm.c" />
    <ClCompile Include="..\..\..\Code\Cblas\src\cblas_drotmg.c" />
    <ClCompile Include="..\..\..\Code\Cblas\src\cblas_dsbmv.c" />
    <ClCompile Include="..\..\..\Code\Cblas\src\cblas_dscal.c" />
    <ClCompile Include="..\..\..\Code\Cblas\src\cblas_dsdot.c" />
    <ClCompile Include="..\..\..\Code\Cblas\src\cblas_dspmv.c" />
    <ClCompile Include="..\..\..\Code\Cblas\src\cblas_dspr.c" />
    <ClCompile Include="..\..\..\Code\Cblas\src\cblas_dspr2.c" />
    <ClCompile Include="..\..\..\Code\Cblas\src\cblas_dswap.c" />
    <ClCompile Include="..\..\..\Code\Cblas\src\cblas_dsymm.c" />
    <ClCompile Include="..\..\..\Code\Cblas\src\cblas_dsymv.c" />
    <ClCompile Include="..\..\..\Code\Cblas\src\cblas_dsyr.c" />
    <ClCompile Include="..\..\..\Code\Cblas\src\cblas_dsyr2.c" />
    <ClCompile Include="..\..\..\Code\Cblas\src\cblas_dsyr2k.c" />
    <ClCompile Include="..\..\..\Code\Cblas\src\cblas_dsyrk.c" />
    <ClCompile Include="..\..\..\Code\Cblas\src\cblas_dtbmv.c" />
    <ClCompile Include="..\..\..\Code\Cblas\src\cblas_dtbsv.c" />
    <ClCompile Include="..\..\..\Code\Cblas\src\cblas_dtpmv.c" />
    <ClCompile Include="..\..\..\Code\Cblas\src\cblas_dtpsv.c" />
    <ClCompile Include="..\..\..\Code\Cblas\src\cblas_dtrmm.c" />
    <ClCompile Include="..\..\..\Code\Cblas\src\cblas_dtrmv.c" />
    <ClCompile Include="..\..\..\Code\Cblas\src\cblas_dtrsm.c" />
    <ClCompile Include="..\..\..\Code\Cblas\src\cblas_dtrsv.c" />
    <ClCompile Include="..\..\..\Code\Cblas\src\cblas_dzasum.c" />
    <ClCompile Include="..\..\..\Code\Cblas\src\cblas_dznrm2.c" />
    <ClCompile Include="..\..\..\Code\Cblas\src\cblas_globals.c" />
    <ClCompile Include="..\..\..\Code\Cblas\src\cblas_icamax.c" />
    <ClCompile Include="..\..\..\Code\Cblas\src\cblas_idamax.c" />
    <ClCompile Include="..\..\..\Code\Cblas\src\cblas_isamax.c" />
    <ClCompile Include="..\..\..\Code\Cblas\src\cblas_izamax.c" />
    <ClCompile Include="..\..\..\Code\Cblas\src\cblas_sasum.c" />
    <ClCompile Include="..\..\..\Code\Cblas\src\cblas_saxpy.c" />
    <ClCompile Include="..\..\..\Code\Cblas\src\cblas_scasum.c" />
    <ClCompile Include="..\..\..\Code\Cblas\src\cblas_scnrm2.c" />
    <ClCompile Include="..\..\..\Code\Cblas\src\cblas_scopy.c" />
    <ClCompile Include="..\..\..\Code\Cblas\src\cblas_sdot.c" />
    <ClCompile Include="..\..\..\Code\Cblas\src\cblas_sdsdot.c" />
    <ClCompile Include="..\..\..\Code\Cblas\src\cblas_sgbmv.c" />
    <ClCompile Include="..\..\..\Code\Cblas\src\cblas_sgemm.c" />
    <ClCompile Include="..\..\..\Code\Cblas\src\cblas_sgemv.c" />
    <ClCompile Include="..\..\..\Code\Cblas\src\cblas_sger.c" />
    <ClCompile Include="..\..\..\Code\Cblas\src\cblas_snrm2.c" />
    <ClCompile Include="..\..\..\Code\Cblas\src\cblas_srot.c" />
    <ClCompile Include="..\..\..\Code\Cblas\src\cblas_srotg.c" />
    <ClCompile Include="..\..\..\Code\Cblas\src\cblas_srotm.c" />
    <ClCompile Include="..\..\..\Code\Cblas\src\cblas_srotmg.c" />
    <ClCompile Include="..\..\..\Code\Cblas\src\cblas_ssbmv.c" />
    <ClCompile Include="..\..\..\Code\Cblas\src\cblas_sscal.c" />
    <ClCompile Include="..\..\..\Code\Cblas\src\cblas_sspmv.c" />
    <ClCompile Include="..\..\..\Code\Cblas\src\cblas_sspr.c" />
    <ClCompile Include="..\..\..\Code\Cblas\src\cblas_sspr2.c" />
    <ClCompile Include="..\..\..\Code\Cblas\src\cblas_sswap.c" />
    <ClCompile Include="..\..\..\Code\Cblas\src\cblas_ssymm.c" />
    <ClCompile Include="..\..\..\Code\Cblas\src\cblas_ssymv.c" />
    <ClCompile Include="..\..\..\Code\Cblas\src\cblas_ssyr.c" />
    <ClCompile Include="..\..\..\Code\Cblas\src\cblas_ssyr2.c" />
    <ClCompile Include="..\..\..\Code\Cblas\src\cblas_ssyr2k.c" />
    <ClCompile Include="..\..\..\Code\Cblas\src\cblas_ssyrk.c" />
    <ClCompile Include="..\..\..\Code\Cblas\src\cblas_stbmv.c" />
    <ClCompile Include="..\..\..\Code\Cblas\src\cblas_stbsv.c" />
    <ClCompile Include="..\..\..\Code\Cblas\src\cblas_stpmv.c" />
    <ClCompile Include="..\..\..\Code\Cblas\src\cblas_stpsv.c" />
    <ClCompile Include="..\..\..\Code\Cblas\src\cblas_strmm.c" />
    <ClCompile Include="..\..\..\Code\Cblas\src\cblas_strmv.c" />
    <ClCompile Include="..\..\..\Code\Cblas\src\cblas_strsm.c" />
    <ClCompile Include="..\..\..\Code\Cblas\src\cblas_strsv.c" />
    <ClCompile Include="..\..\..\Code\Cblas\src\cblas_xerbla.c" />
    <ClCompile Include="..\..\..\Code\Cblas\src\cblas_zaxpy.c" />
    <ClCompile Include="..\..\..\Code\Cblas\src\cblas_zcopy.c" />
    <ClCompile Include="..\..\..\Code\Cblas\src\cblas_zdotc_sub.c" />
    <ClCompile Include="..\..\..\Code\Cblas\src\cblas_zdotu_sub.c" />
    <ClCompile Include="..\..\..\Code\Cblas\src\cblas_zdscal.c" />
    <ClCompile Include="..\..\..\Code\Cblas\src\cblas_zgbmv.c" />
    <ClCompile Include="..\..\..\Code\Cblas\src\cblas_zgemm.c" />
    <ClCompile Include="..\..\..\Code\Cblas\src\cblas_zgemv.c" />
    <ClCompile Include="..\..\..\Code\Cblas\src\cblas_zgerc.c" />
    <ClCompile Include="..\..\..\Code\Cblas\src\cblas_zgeru.c" />
    <ClCompile Include="..\..\..\Code\Cblas\src\cblas_zhbmv.c" />
    <ClCompile Include="..\..\..\Code\Cblas\src\cblas_zhemm.c" />
    <ClCompile Include="..\..\..\Code\Cblas\src\cblas_zhemv.c" />
    <ClCompile Include="..\..\..\Code\Cblas\src\cblas_zher.c" />
    <ClCompile Include="..\..\..\Code\Cblas\src\cblas_zher2.c" />
    <ClCompile Include="..\..\..\Code\Cblas\src\cblas_zher2k.c" />
    <ClCompile Include="..\..\..\Code\Cblas\src\cblas_zherk.c" />
    <ClCompile Include="..\..\..\Code\Cblas\src\cblas_zhpmv.c" />
    <ClCompile Include="..\..\..\Code\Cblas\src\cblas_zhpr.c" />
    <ClCompile Include="..\..\..\Code\Cblas\src\cblas_zhpr2.c" />
    <ClCompile Include="..\..\..\Code\Cblas\src\cblas_zscal.c" />
    <ClCompile Include="..\..\..\Code\Cblas\src\cblas_zswap.c" />
    <ClCompile Include="..\..\..\Code\Cblas\src\cblas_zsymm.c" />
    <ClCompile Include="..\..\..\Code\Cblas\src\cblas_zsyr2k.c" />
    <ClCompile Include="..\..\..\Code\Cblas\src\cblas_zsyrk.c" />
    <ClCompile Include="..\..\..\Code\Cblas\src\cblas_ztbmv.c" />
    <ClCompile Include="..\..\..\Code\Cblas\src\cblas_ztbsv.c" />
    <ClCompile Include="..\..\..\Code\Cblas\src\cblas_ztpmv.c" />
    <ClCompile Include="..\..\..\Code\Cblas\src\cblas_ztpsv.c" />
    <ClCompile Include="..\..\..\Code\Cblas\src\xerbla.c" />
  </ItemGroup>
</Project>