<?xml version="1.0" encoding="utf-8"?>
<Project ToolsVersion="4.0" xmlns="http://schemas.microsoft.com/developer/msbuild/2003">
  <ItemGroup>
    <ClInclude Include="..\..\..\Code\Meerkat\Layers\LinearLayer.h">
      <Filter>Layers</Filter>
    </ClInclude>
    <ClInclude Include="..\..\..\Code\Meerkat\Layers\Layer.h">
      <Filter>Layers</Filter>
    </ClInclude>
    <ClInclude Include="..\..\..\Code\Meerkat\Criterions\Criterion.h">
      <Filter>Criterions</Filter>
    </ClInclude>
    <ClInclude Include="..\..\..\Code\Meerkat\Common\Meerkat.h">
      <Filter>Common</Filter>
    </ClInclude>
    <ClInclude Include="..\..\..\Code\Meerkat\Common\Platform.h">
      <Filter>Common</Filter>
    </ClInclude>
    <ClInclude Include="..\..\..\Code\Meerkat\Common\Tensor.h">
      <Filter>Common</Filter>
    </ClInclude>
    <ClInclude Include="..\..\..\Code\Meerkat\Common\Blas.h">
      <Filter>Common</Filter>
    </ClInclude>
    <ClInclude Include="..\..\..\Code\Meerkat\Criterions\MeanSquareErrorCriterion.h">
      <Filter>Criterions</Filter>
    </ClInclude>
    <ClInclude Include="..\..\..\Code\Meerkat\Optimizer\Optimizer.h">
      <Filter>Optimizer</Filter>
    </ClInclude>
    <ClInclude Include="..\..\..\Code\Meerkat\Optimizer\SgdOptimizer.h">
      <Filter>Optimizer</Filter>
    </ClInclude>
    <ClInclude Include="..\..\..\Code\Meerkat\Layers\LogSoftMaxLayer.h">
      <Filter>Layers</Filter>
    </ClInclude>
    <ClInclude Include="..\..\..\Code\Meerkat\Criterions\ClassNllCriterion.h">
      <Filter>Criterions</Filter>
    </ClInclude>
    <ClInclude Include="..\..\..\Code\Meerkat\Model\Linker.h">
      <Filter>Model</Filter>
    </ClInclude>
    <ClInclude Include="..\..\..\Code\Meerkat\Model\Model.h">
      <Filter>Model</Filter>
    </ClInclude>
    <ClInclude Include="..\..\..\Code\Meerkat\Util\dl_stl.h">
      <Filter>Util</Filter>
    </ClInclude>
    <ClInclude Include="..\..\..\Code\Meerkat\Util\dl_std_allocator.h">
      <Filter>Util</Filter>
    </ClInclude>
    <ClInclude Include="..\..\..\Code\Meerkat\Reflection\Reflection.h">
      <Filter>Reflection</Filter>
    </ClInclude>
  </ItemGroup>
  <ItemGroup>
    <ClCompile Include="..\..\..\Code\Meerkat\Layers\LinearLayer.cpp">
      <Filter>Layers</Filter>
    </ClCompile>
    <ClCompile Include="..\..\..\Code\Meerkat\Common\Tensor.cpp">
      <Filter>Common</Filter>
    </ClCompile>
    <ClCompile Include="..\..\..\Code\Meerkat\Common\Blas.cpp">
      <Filter>Common</Filter>
    </ClCompile>
    <ClCompile Include="..\..\..\Code\Meerkat\Common\Meerkat.cpp">
      <Filter>Common</Filter>
    </ClCompile>
    <ClCompile Include="..\..\..\Code\Meerkat\Criterions\MeanSquareErrorCriterion.cpp">
      <Filter>Criterions</Filter>
    </ClCompile>
    <ClCompile Include="..\..\..\Code\Meerkat\Layers\Layer.cpp">
      <Filter>Layers</Filter>
    </ClCompile>
    <ClCompile Include="..\..\..\Code\Meerkat\Optimizer\SgdOptimizer.cpp">
      <Filter>Optimizer</Filter>
    </ClCompile>
    <ClCompile Include="..\..\..\Code\Meerkat\Layers\LogSoftMaxLayer.cpp">
      <Filter>Layers</Filter>
    </ClCompile>
    <ClCompile Include="..\..\..\Code\Meerkat\Criterions\ClassNllCriterion.cpp">
      <Filter>Criterions</Filter>
    </ClCompile>
    <ClCompile Include="..\..\..\Code\Meerkat\Model\Linker.cpp">
      <Filter>Model</Filter>
    </ClCompile>
    <ClCompile Include="..\..\..\Code\Meerkat\Model\Model.cpp">
      <Filter>Model</Filter>
    </ClCompile>
    <ClCompile Include="..\..\..\Code\Meerkat\Util\dl_std_allocator.cpp">
      <Filter>Util</Filter>
    </ClCompile>
    <ClCompile Include="..\..\..\Code\Meerkat\Reflection\Reflection.cpp">
      <Filter>Reflection</Filter>
    </ClCompile>
  </ItemGroup>
  <ItemGroup>
    <Filter Include="Layers">
      <UniqueIdentifier>{ecaa48d4-5724-4cbf-861d-d91c4fc1c826}</UniqueIdentifier>
    </Filter>
    <Filter Include="Criterions">
      <UniqueIdentifier>{39e43562-9f97-43f4-a885-8a99a42c93d3}</UniqueIdentifier>
    </Filter>
    <Filter Include="Common">
      <UniqueIdentifier>{bc006466-3ae9-466d-a55e-cda35fb59bab}</UniqueIdentifier>
    </Filter>
    <Filter Include="Optimizer">
      <UniqueIdentifier>{92aee1da-dbce-4403-804b-105dacf19b3c}</UniqueIdentifier>
    </Filter>
    <Filter Include="Model">
      <UniqueIdentifier>{44523c9a-7e80-4aff-88b7-df93daf37adb}</UniqueIdentifier>
    </Filter>
    <Filter Include="Util">
      <UniqueIdentifier>{7e765488-8d53-4deb-9671-1a1e6b9df7a9}</UniqueIdentifier>
    </Filter>
    <Filter Include="Reflection">
      <UniqueIdentifier>{98173cf6-181c-43ba-927b-db37af905498}</UniqueIdentifier>
    </Filter>
  </ItemGroup>
</Project>